
Microsoft Visual Studio Solution File, Format Version 12.00
# Visual Studio 15
VisualStudioVersion = 15.0.28307.106
MinimumVisualStudioVersion = 10.0.40219.1
Project("{FAE04EC0-301F-11D3-BF4B-00C04F79EFBC}") = "ServicesProvider.Android", "ServicesProvider\ServicesProvider.Android\ServicesProvider.Android.csproj", "{CBEFB564-6B99-4031-9252-D7BFDA71436B}"
EndProject
Project("{FAE04EC0-301F-11D3-BF4B-00C04F79EFBC}") = "ServicesProvider.iOS", "ServicesProvider\ServicesProvider.iOS\ServicesProvider.iOS.csproj", "{A94E8D92-9456-427D-A5BB-CB1D0FFA7CD0}"
EndProject
Project("{FAE04EC0-301F-11D3-BF4B-00C04F79EFBC}") = "ServicesProvider", "ServicesProvider\ServicesProvider\ServicesProvider.csproj", "{402BB6A1-D475-4D73-824F-52D4E480BB89}"
EndProject
Global
	GlobalSection(SolutionConfigurationPlatforms) = preSolution
		Ad-Hoc|Any CPU = Ad-Hoc|Any CPU
		Ad-Hoc|iPhone = Ad-Hoc|iPhone
		Ad-Hoc|iPhoneSimulator = Ad-Hoc|iPhoneSimulator
		AppStore|Any CPU = AppStore|Any CPU
		AppStore|iPhone = AppStore|iPhone
		AppStore|iPhoneSimulator = AppStore|iPhoneSimulator
		Debug|Any CPU = Debug|Any CPU
		Debug|iPhone = Debug|iPhone
		Debug|iPhoneSimulator = Debug|iPhoneSimulator
		Release|Any CPU = Release|Any CPU
		Release|iPhone = Release|iPhone
		Release|iPhoneSimulator = Release|iPhoneSimulator
	EndGlobalSection
	GlobalSection(ProjectConfigurationPlatforms) = postSolution
		{CBEFB564-6B99-4031-9252-D7BFDA71436B}.Ad-Hoc|Any CPU.ActiveCfg = Release|Any CPU
		{CBEFB564-6B99-4031-9252-D7BFDA71436B}.Ad-Hoc|Any CPU.Build.0 = Release|Any CPU
		{CBEFB564-6B99-4031-9252-D7BFDA71436B}.Ad-Hoc|Any CPU.Deploy.0 = Release|Any CPU
		{CBEFB564-6B99-4031-9252-D7BFDA71436B}.Ad-Hoc|iPhone.ActiveCfg = Release|Any CPU
		{CBEFB564-6B99-4031-9252-D7BFDA71436B}.Ad-Hoc|iPhone.Build.0 = Release|Any CPU
		{CBEFB564-6B99-4031-9252-D7BFDA71436B}.Ad-Hoc|iPhone.Deploy.0 = Release|Any CPU
		{CBEFB564-6B99-4031-9252-D7BFDA71436B}.Ad-Hoc|iPhoneSimulator.ActiveCfg = Release|Any CPU
		{CBEFB564-6B99-4031-9252-D7BFDA71436B}.Ad-Hoc|iPhoneSimulator.Build.0 = Release|Any CPU
		{CBEFB564-6B99-4031-9252-D7BFDA71436B}.Ad-Hoc|iPhoneSimulator.Deploy.0 = Release|Any CPU
		{CBEFB564-6B99-4031-9252-D7BFDA71436B}.AppStore|Any CPU.ActiveCfg = Release|Any CPU
		{CBEFB564-6B99-4031-9252-D7BFDA71436B}.AppStore|Any CPU.Build.0 = Release|Any CPU
		{CBEFB564-6B99-4031-9252-D7BFDA71436B}.AppStore|Any CPU.Deploy.0 = Release|Any CPU
		{CBEFB564-6B99-4031-9252-D7BFDA71436B}.AppStore|iPhone.ActiveCfg = Release|Any CPU
		{CBEFB564-6B99-4031-9252-D7BFDA71436B}.AppStore|iPhone.Build.0 = Release|Any CPU
		{CBEFB564-6B99-4031-9252-D7BFDA71436B}.AppStore|iPhone.Deploy.0 = Release|Any CPU
		{CBEFB564-6B99-4031-9252-D7BFDA71436B}.AppStore|iPhoneSimulator.ActiveCfg = Release|Any CPU
		{CBEFB564-6B99-4031-9252-D7BFDA71436B}.AppStore|iPhoneSimulator.Build.0 = Release|Any CPU
		{CBEFB564-6B99-4031-9252-D7BFDA71436B}.AppStore|iPhoneSimulator.Deploy.0 = Release|Any CPU
		{CBEFB564-6B99-4031-9252-D7BFDA71436B}.Debug|Any CPU.ActiveCfg = Debug|Any CPU
		{CBEFB564-6B99-4031-9252-D7BFDA71436B}.Debug|Any CPU.Build.0 = Debug|Any CPU
		{CBEFB564-6B99-4031-9252-D7BFDA71436B}.Debug|Any CPU.Deploy.0 = Debug|Any CPU
		{CBEFB564-6B99-4031-9252-D7BFDA71436B}.Debug|iPhone.ActiveCfg = Debug|Any CPU
		{CBEFB564-6B99-4031-9252-D7BFDA71436B}.Debug|iPhone.Build.0 = Debug|Any CPU
		{CBEFB564-6B99-4031-9252-D7BFDA71436B}.Debug|iPhone.Deploy.0 = Debug|Any CPU
		{CBEFB564-6B99-4031-9252-D7BFDA71436B}.Debug|iPhoneSimulator.ActiveCfg = Debug|Any CPU
		{CBEFB564-6B99-4031-9252-D7BFDA71436B}.Debug|iPhoneSimulator.Build.0 = Debug|Any CPU
		{CBEFB564-6B99-4031-9252-D7BFDA71436B}.Debug|iPhoneSimulator.Deploy.0 = Debug|Any CPU
		{CBEFB564-6B99-4031-9252-D7BFDA71436B}.Release|Any CPU.ActiveCfg = Release|Any CPU
		{CBEFB564-6B99-4031-9252-D7BFDA71436B}.Release|Any CPU.Build.0 = Release|Any CPU
		{CBEFB564-6B99-4031-9252-D7BFDA71436B}.Release|Any CPU.Deploy.0 = Release|Any CPU
		{CBEFB564-6B99-4031-9252-D7BFDA71436B}.Release|iPhone.ActiveCfg = Release|Any CPU
		{CBEFB564-6B99-4031-9252-D7BFDA71436B}.Release|iPhone.Build.0 = Release|Any CPU
		{CBEFB564-6B99-4031-9252-D7BFDA71436B}.Release|iPhone.Deploy.0 = Release|Any CPU
		{CBEFB564-6B99-4031-9252-D7BFDA71436B}.Release|iPhoneSimulator.ActiveCfg = Release|Any CPU
		{CBEFB564-6B99-4031-9252-D7BFDA71436B}.Release|iPhoneSimulator.Build.0 = Release|Any CPU
		{CBEFB564-6B99-4031-9252-D7BFDA71436B}.Release|iPhoneSimulator.Deploy.0 = Release|Any CPU
		{A94E8D92-9456-427D-A5BB-CB1D0FFA7CD0}.Ad-Hoc|Any CPU.ActiveCfg = Ad-Hoc|iPhone
		{A94E8D92-9456-427D-A5BB-CB1D0FFA7CD0}.Ad-Hoc|Any CPU.Build.0 = Ad-Hoc|iPhone
		{A94E8D92-9456-427D-A5BB-CB1D0FFA7CD0}.Ad-Hoc|Any CPU.Deploy.0 = Ad-Hoc|iPhone
		{A94E8D92-9456-427D-A5BB-CB1D0FFA7CD0}.Ad-Hoc|iPhone.ActiveCfg = Ad-Hoc|iPhone
		{A94E8D92-9456-427D-A5BB-CB1D0FFA7CD0}.Ad-Hoc|iPhone.Build.0 = Ad-Hoc|iPhone
		{A94E8D92-9456-427D-A5BB-CB1D0FFA7CD0}.Ad-Hoc|iPhone.Deploy.0 = Ad-Hoc|iPhone
		{A94E8D92-9456-427D-A5BB-CB1D0FFA7CD0}.Ad-Hoc|iPhoneSimulator.ActiveCfg = Ad-Hoc|iPhoneSimulator
		{A94E8D92-9456-427D-A5BB-CB1D0FFA7CD0}.Ad-Hoc|iPhoneSimulator.Build.0 = Ad-Hoc|iPhoneSimulator
		{A94E8D92-9456-427D-A5BB-CB1D0FFA7CD0}.Ad-Hoc|iPhoneSimulator.Deploy.0 = Ad-Hoc|iPhoneSimulator
		{A94E8D92-9456-427D-A5BB-CB1D0FFA7CD0}.AppStore|Any CPU.ActiveCfg = AppStore|iPhone
		{A94E8D92-9456-427D-A5BB-CB1D0FFA7CD0}.AppStore|Any CPU.Build.0 = AppStore|iPhone
		{A94E8D92-9456-427D-A5BB-CB1D0FFA7CD0}.AppStore|Any CPU.Deploy.0 = AppStore|iPhone
		{A94E8D92-9456-427D-A5BB-CB1D0FFA7CD0}.AppStore|iPhone.ActiveCfg = AppStore|iPhone
		{A94E8D92-9456-427D-A5BB-CB1D0FFA7CD0}.AppStore|iPhone.Build.0 = AppStore|iPhone
		{A94E8D92-9456-427D-A5BB-CB1D0FFA7CD0}.AppStore|iPhone.Deploy.0 = AppStore|iPhone
		{A94E8D92-9456-427D-A5BB-CB1D0FFA7CD0}.AppStore|iPhoneSimulator.ActiveCfg = AppStore|iPhoneSimulator
		{A94E8D92-9456-427D-A5BB-CB1D0FFA7CD0}.AppStore|iPhoneSimulator.Build.0 = AppStore|iPhoneSimulator
		{A94E8D92-9456-427D-A5BB-CB1D0FFA7CD0}.AppStore|iPhoneSimulator.Deploy.0 = AppStore|iPhoneSimulator
		{A94E8D92-9456-427D-A5BB-CB1D0FFA7CD0}.Debug|Any CPU.ActiveCfg = Debug|iPhoneSimulator
		{A94E8D92-9456-427D-A5BB-CB1D0FFA7CD0}.Debug|Any CPU.Build.0 = Debug|iPhoneSimulator
		{A94E8D92-9456-427D-A5BB-CB1D0FFA7CD0}.Debug|Any CPU.Deploy.0 = Debug|iPhoneSimulator
		{A94E8D92-9456-427D-A5BB-CB1D0FFA7CD0}.Debug|iPhone.ActiveCfg = Debug|iPhone
		{A94E8D92-9456-427D-A5BB-CB1D0FFA7CD0}.Debug|iPhone.Build.0 = Debug|iPhone
		{A94E8D92-9456-427D-A5BB-CB1D0FFA7CD0}.Debug|iPhone.Deploy.0 = Debug|iPhone
		{A94E8D92-9456-427D-A5BB-CB1D0FFA7CD0}.Debug|iPhoneSimulator.ActiveCfg = Debug|iPhoneSimulator
		{A94E8D92-9456-427D-A5BB-CB1D0FFA7CD0}.Debug|iPhoneSimulator.Build.0 = Debug|iPhoneSimulator
		{A94E8D92-9456-427D-A5BB-CB1D0FFA7CD0}.Debug|iPhoneSimulator.Deploy.0 = Debug|iPhoneSimulator
		{A94E8D92-9456-427D-A5BB-CB1D0FFA7CD0}.Release|Any CPU.ActiveCfg = Release|iPhone
		{A94E8D92-9456-427D-A5BB-CB1D0FFA7CD0}.Release|Any CPU.Build.0 = Release|iPhone
		{A94E8D92-9456-427D-A5BB-CB1D0FFA7CD0}.Release|Any CPU.Deploy.0 = Release|iPhone
		{A94E8D92-9456-427D-A5BB-CB1D0FFA7CD0}.Release|iPhone.ActiveCfg = Release|iPhone
		{A94E8D92-9456-427D-A5BB-CB1D0FFA7CD0}.Release|iPhone.Build.0 = Release|iPhone
		{A94E8D92-9456-427D-A5BB-CB1D0FFA7CD0}.Release|iPhone.Deploy.0 = Release|iPhone
		{A94E8D92-9456-427D-A5BB-CB1D0FFA7CD0}.Release|iPhoneSimulator.ActiveCfg = Release|iPhoneSimulator
		{A94E8D92-9456-427D-A5BB-CB1D0FFA7CD0}.Release|iPhoneSimulator.Build.0 = Release|iPhoneSimulator
		{A94E8D92-9456-427D-A5BB-CB1D0FFA7CD0}.Release|iPhoneSimulator.Deploy.0 = Release|iPhoneSimulator
		{402BB6A1-D475-4D73-824F-52D4E480BB89}.Ad-Hoc|Any CPU.ActiveCfg = Debug|Any CPU
		{402BB6A1-D475-4D73-824F-52D4E480BB89}.Ad-Hoc|Any CPU.Build.0 = Debug|Any CPU
		{402BB6A1-D475-4D73-824F-52D4E480BB89}.Ad-Hoc|Any CPU.Deploy.0 = Debug|Any CPU
		{402BB6A1-D475-4D73-824F-52D4E480BB89}.Ad-Hoc|iPhone.ActiveCfg = Debug|Any CPU
		{402BB6A1-D475-4D73-824F-52D4E480BB89}.Ad-Hoc|iPhone.Build.0 = Debug|Any CPU
		{402BB6A1-D475-4D73-824F-52D4E480BB89}.Ad-Hoc|iPhone.Deploy.0 = Debug|Any CPU
		{402BB6A1-D475-4D73-824F-52D4E480BB89}.Ad-Hoc|iPhoneSimulator.ActiveCfg = Debug|Any CPU
		{402BB6A1-D475-4D73-824F-52D4E480BB89}.Ad-Hoc|iPhoneSimulator.Build.0 = Debug|Any CPU
		{402BB6A1-D475-4D73-824F-52D4E480BB89}.Ad-Hoc|iPhoneSimulator.Deploy.0 = Debug|Any CPU
		{402BB6A1-D475-4D73-824F-52D4E480BB89}.AppStore|Any CPU.ActiveCfg = Debug|Any CPU
		{402BB6A1-D475-4D73-824F-52D4E480BB89}.AppStore|Any CPU.Build.0 = Debug|Any CPU
		{402BB6A1-D475-4D73-824F-52D4E480BB89}.AppStore|Any CPU.Deploy.0 = Debug|Any CPU
		{402BB6A1-D475-4D73-824F-52D4E480BB89}.AppStore|iPhone.ActiveCfg = Debug|Any CPU
		{402BB6A1-D475-4D73-824F-52D4E480BB89}.AppStore|iPhone.Build.0 = Debug|Any CPU
		{402BB6A1-D475-4D73-824F-52D4E480BB89}.AppStore|iPhone.Deploy.0 = Debug|Any CPU
		{402BB6A1-D475-4D73-824F-52D4E480BB89}.AppStore|iPhoneSimulator.ActiveCfg = Debug|Any CPU
		{402BB6A1-D475-4D73-824F-52D4E480BB89}.AppStore|iPhoneSimulator.Build.0 = Debug|Any CPU
		{402BB6A1-D475-4D73-824F-52D4E480BB89}.AppStore|iPhoneSimulator.Deploy.0 = Debug|Any CPU
		{402BB6A1-D475-4D73-824F-52D4E480BB89}.Debug|Any CPU.ActiveCfg = Debug|Any CPU
		{402BB6A1-D475-4D73-824F-52D4E480BB89}.Debug|Any CPU.Build.0 = Debug|Any CPU
		{402BB6A1-D475-4D73-824F-52D4E480BB89}.Debug|Any CPU.Deploy.0 = Debug|Any CPU
		{402BB6A1-D475-4D73-824F-52D4E480BB89}.Debug|iPhone.ActiveCfg = Debug|Any CPU
		{402BB6A1-D475-4D73-824F-52D4E480BB89}.Debug|iPhone.Build.0 = Debug|Any CPU
		{402BB6A1-D475-4D73-824F-52D4E480BB89}.Debug|iPhone.Deploy.0 = Debug|Any CPU
		{402BB6A1-D475-4D73-824F-52D4E480BB89}.Debug|iPhoneSimulator.ActiveCfg = Debug|Any CPU
		{402BB6A1-D475-4D73-824F-52D4E480BB89}.Debug|iPhoneSimulator.Build.0 = Debug|Any CPU
		{402BB6A1-D475-4D73-824F-52D4E480BB89}.Debug|iPhoneSimulator.Deploy.0 = Debug|Any CPU
		{402BB6A1-D475-4D73-824F-52D4E480BB89}.Release|Any CPU.ActiveCfg = Release|Any CPU
		{402BB6A1-D475-4D73-824F-52D4E480BB89}.Release|Any CPU.Build.0 = Release|Any CPU
		{402BB6A1-D475-4D73-824F-52D4E480BB89}.Release|Any CPU.Deploy.0 = Release|Any CPU
		{402BB6A1-D475-4D73-824F-52D4E480BB89}.Release|iPhone.ActiveCfg = Release|Any CPU
		{402BB6A1-D475-4D73-824F-52D4E480BB89}.Release|iPhone.Build.0 = Release|Any CPU
		{402BB6A1-D475-4D73-824F-52D4E480BB89}.Release|iPhone.Deploy.0 = Release|Any CPU
		{402BB6A1-D475-4D73-824F-52D4E480BB89}.Release|iPhoneSimulator.ActiveCfg = Release|Any CPU
		{402BB6A1-D475-4D73-824F-52D4E480BB89}.Release|iPhoneSimulator.Build.0 = Release|Any CPU
		{402BB6A1-D475-4D73-824F-52D4E480BB89}.Release|iPhoneSimulator.Deploy.0 = Release|Any CPU
	EndGlobalSection
	GlobalSection(SolutionProperties) = preSolution
		HideSolutionNode = FALSE
	EndGlobalSection
	GlobalSection(ExtensibilityGlobals) = postSolution
		SolutionGuid = {B49C27A8-30A0-47EC-A0F5-1D00B7FBF260}
	EndGlobalSection
EndGlobal
